
Microsoft Visual Studio Solution File, Format Version 12.00
# Visual Studio Version 17
VisualStudioVersion = 17.8.34330.188
MinimumVisualStudioVersion = 10.0.40219.1
Project("{9A19103F-16F7-4668-BE54-9A1E7A4F7556}") = "AppSolidarIT_Angular.Server", "AppSolidarIT_Angular.Server\AppSolidarIT_Angular.Server.csproj", "{E1CC702A-6541-4589-AA5E-91E31B174000}"
EndProject
Project("{54A90642-561A-4BB1-A94E-469ADEE60C69}") = "appsolidarit_angular.client", "appsolidarit_angular.client\appsolidarit_angular.client.esproj", "{F603C022-EC53-44D4-8963-241C7B1BF5EE}"
EndProject
Global
	GlobalSection(SolutionConfigurationPlatforms) = preSolution
		Debug|Any CPU = Debug|Any CPU
		Release|Any CPU = Release|Any CPU
	EndGlobalSection
	GlobalSection(ProjectConfigurationPlatforms) = postSolution
		{E1CC702A-6541-4589-AA5E-91E31B174000}.Debug|Any CPU.ActiveCfg = Debug|Any CPU
		{E1CC702A-6541-4589-AA5E-91E31B174000}.Debug|Any CPU.Build.0 = Debug|Any CPU
		{E1CC702A-6541-4589-AA5E-91E31B174000}.Release|Any CPU.ActiveCfg = Release|Any CPU
		{E1CC702A-6541-4589-AA5E-91E31B174000}.Release|Any CPU.Build.0 = Release|Any CPU
		{F603C022-EC53-44D4-8963-241C7B1BF5EE}.Debug|Any CPU.ActiveCfg = Debug|Any CPU
		{F603C022-EC53-44D4-8963-241C7B1BF5EE}.Debug|Any CPU.Build.0 = Debug|Any CPU
		{F603C022-EC53-44D4-8963-241C7B1BF5EE}.Debug|Any CPU.Deploy.0 = Debug|Any CPU
		{F603C022-EC53-44D4-8963-241C7B1BF5EE}.Release|Any CPU.ActiveCfg = Release|Any CPU
		{F603C022-EC53-44D4-8963-241C7B1BF5EE}.Release|Any CPU.Build.0 = Release|Any CPU
		{F603C022-EC53-44D4-8963-241C7B1BF5EE}.Release|Any CPU.Deploy.0 = Release|Any CPU
	EndGlobalSection
	GlobalSection(SolutionProperties) = preSolution
		HideSolutionNode = FALSE
	EndGlobalSection
	GlobalSection(ExtensibilityGlobals) = postSolution
		SolutionGuid = {3E813DCC-CFAB-4950-A4CF-FA756F19B636}
	EndGlobalSection
EndGlobal
